
Microsoft Visual Studio Solution File, Format Version 12.00
# Visual Studio Version 17
VisualStudioVersion = 17.7.34031.279
MinimumVisualStudioVersion = 10.0.40219.1
Project("{FAE04EC0-301F-11D3-BF4B-00C04F79EFBC}") = "EnumerationPractice2", "EnumerationPractice2.csproj", "{B61393CD-DD2D-46F9-A57B-15DC5C187185}"
EndProject
Global
	GlobalSection(SolutionConfigurationPlatforms) = preSolution
		Debug|Any CPU = Debug|Any CPU
		Release|Any CPU = Release|Any CPU
	EndGlobalSection
	GlobalSection(ProjectConfigurationPlatforms) = postSolution
		{B61393CD-DD2D-46F9-A57B-15DC5C187185}.Debug|Any CPU.ActiveCfg = Debug|Any CPU
		{B61393CD-DD2D-46F9-A57B-15DC5C187185}.Debug|Any CPU.Build.0 = Debug|Any CPU
		{B61393CD-DD2D-46F9-A57B-15DC5C187185}.Release|Any CPU.ActiveCfg = Release|Any CPU
		{B61393CD-DD2D-46F9-A57B-15DC5C187185}.Release|Any CPU.Build.0 = Release|Any CPU
	EndGlobalSection
	GlobalSection(SolutionProperties) = preSolution
		HideSolutionNode = FALSE
	EndGlobalSection
	GlobalSection(ExtensibilityGlobals) = postSolution
		SolutionGuid = {BB533AC6-447C-435F-B8B4-A189493B4FBC}
	EndGlobalSection
EndGlobal
